
Microsoft Visual Studio Solution File, Format Version 12.00
# Visual Studio Version 17
VisualStudioVersion = 17.4.33205.214
MinimumVisualStudioVersion = 10.0.40219.1
Project("{FAE04EC0-301F-11D3-BF4B-00C04F79EFBC}") = "MVC-Task2", "MVC-Task2\MVC-Task2.csproj", "{64868308-EAD6-49B0-BE06-5208DE1A9416}"
EndProject
Global
	GlobalSection(SolutionConfigurationPlatforms) = preSolution
		Debug|Any CPU = Debug|Any CPU
		Release|Any CPU = Release|Any CPU
	EndGlobalSection
	GlobalSection(ProjectConfigurationPlatforms) = postSolution
		{64868308-EAD6-49B0-BE06-5208DE1A9416}.Debug|Any CPU.ActiveCfg = Debug|Any CPU
		{64868308-EAD6-49B0-BE06-5208DE1A9416}.Debug|Any CPU.Build.0 = Debug|Any CPU
		{64868308-EAD6-49B0-BE06-5208DE1A9416}.Release|Any CPU.ActiveCfg = Release|Any CPU
		{64868308-EAD6-49B0-BE06-5208DE1A9416}.Release|Any CPU.Build.0 = Release|Any CPU
	EndGlobalSection
	GlobalSection(SolutionProperties) = preSolution
		HideSolutionNode = FALSE
	EndGlobalSection
	GlobalSection(ExtensibilityGlobals) = postSolution
		SolutionGuid = {70E57523-604B-4F71-A353-FC396A1845EB}
	EndGlobalSection
EndGlobal
